{
  "requires": true,
  "lockfileVersion": 1,
  "dependencies": {
    "lightgallery": {
      "version": "2.1.7",
      "resolved": "https://registry.npmjs.org/lightgallery/-/lightgallery-2.1.7.tgz",
      "integrity": "sha512-u96yhzf7tz4IbBcylYUk7meJFbDNnXFIyn/HtuLSGbV9Z11xN9Q3JZxzm+c0RVDtM1GK9s91lYE5UY5ZfuG/ng=="
    }
  }
}
